
Microsoft Visual Studio Solution File, Format Version 12.00
# Visual Studio Version 17
VisualStudioVersion = 17.9.34701.34
MinimumVisualStudioVersion = 10.0.40219.1
Project("{FAE04EC0-301F-11D3-BF4B-00C04F79EFBC}") = "CloudProgrammeringLabb3", "CloudProgrammeringLabb3.csproj", "{28BB097E-4356-4163-A3D7-3EAE3DE1A380}"
EndProject
Global
	GlobalSection(SolutionConfigurationPlatforms) = preSolution
		Debug|Any CPU = Debug|Any CPU
		Release|Any CPU = Release|Any CPU
	EndGlobalSection
	GlobalSection(ProjectConfigurationPlatforms) = postSolution
		{28BB097E-4356-4163-A3D7-3EAE3DE1A380}.Debug|Any CPU.ActiveCfg = Debug|Any CPU
		{28BB097E-4356-4163-A3D7-3EAE3DE1A380}.Debug|Any CPU.Build.0 = Debug|Any CPU
		{28BB097E-4356-4163-A3D7-3EAE3DE1A380}.Release|Any CPU.ActiveCfg = Release|Any CPU
		{28BB097E-4356-4163-A3D7-3EAE3DE1A380}.Release|Any CPU.Build.0 = Release|Any CPU
	EndGlobalSection
	GlobalSection(SolutionProperties) = preSolution
		HideSolutionNode = FALSE
	EndGlobalSection
	GlobalSection(ExtensibilityGlobals) = postSolution
		SolutionGuid = {5BB0FE0E-FC22-44C9-84C0-94B6402E197A}
	EndGlobalSection
EndGlobal
